
Microsoft Visual Studio Solution File, Format Version 12.00
# Visual Studio Version 17
VisualStudioVersion = 17.9.34622.214
MinimumVisualStudioVersion = 10.0.40219.1
Project("{F184B08F-C81C-45F6-A57F-5ABD9991F28F}") = "AddressLabel", "AddressLabel\AddressLabel.vbproj", "{6890D2A5-0885-4464-BC0F-023C308F4ECF}"
EndProject
Global
	GlobalSection(SolutionConfigurationPlatforms) = preSolution
		Debug|Any CPU = Debug|Any CPU
		Release|Any CPU = Release|Any CPU
	EndGlobalSection
	GlobalSection(ProjectConfigurationPlatforms) = postSolution
		{6890D2A5-0885-4464-BC0F-023C308F4ECF}.Debug|Any CPU.ActiveCfg = Debug|Any CPU
		{6890D2A5-0885-4464-BC0F-023C308F4ECF}.Debug|Any CPU.Build.0 = Debug|Any CPU
		{6890D2A5-0885-4464-BC0F-023C308F4ECF}.Release|Any CPU.ActiveCfg = Release|Any CPU
		{6890D2A5-0885-4464-BC0F-023C308F4ECF}.Release|Any CPU.Build.0 = Release|Any CPU
	EndGlobalSection
	GlobalSection(SolutionProperties) = preSolution
		HideSolutionNode = FALSE
	EndGlobalSection
	GlobalSection(ExtensibilityGlobals) = postSolution
		SolutionGuid = {56E978F5-6087-4025-BDDB-C9E1689CA569}
	EndGlobalSection
EndGlobal
